PODS:
  - Alamofire (4.9.1)
  - Alamofire-SwiftyJSON (3.0.0):
    - Alamofire (~> 4.5)
    - SwiftyJSON (~> 4.0.0)
  - Base64 (1.1.2)
  - boost (1.76.0)
  - BVLinearGradient (2.6.2):
    - React-Core
  - CocoaAsyncSocket (7.6.5)
  - CodePush (7.1.0):
    - Base64 (~> 1.1)
    - JWT (~> 3.0.0-beta.12)
    - React-Core
    - SSZipArchive (~> 2.2.2)
  - Cosmos (21.0.0)
  - DoubleConversion (1.1.6)
  - EVReflection (5.10.1):
    - EVReflection/Core (= 5.10.1)
  - EVReflection/Core (5.10.1)
  - FBLazyVector (0.70.5)
  - FBReactNativeSpec (0.70.5):
    - RCT-Folly (= 2021.07.22.00)
    - RCTRequired (= 0.70.5)
    - RCTTypeSafety (= 0.70.5)
    - React-Core (= 0.70.5)
    - React-jsi (= 0.70.5)
    - ReactCommon/turbomodule/core (= 0.70.5)
  - Firebase (10.5.0):
    - Firebase/Core (= 10.5.0)
  - Firebase/Core (10.5.0):
    - Firebase/CoreOnly
    - FirebaseAnalytics (~> 10.5.0)
  - Firebase/CoreOnly (10.5.0):
    - FirebaseCore (= 10.5.0)
  - Firebase/Performance (10.5.0):
    - Firebase/CoreOnly
    - FirebasePerformance (~> 10.5.0)
  - Firebase/RemoteConfig (10.5.0):
    - Firebase/CoreOnly
    - FirebaseRemoteConfig (~> 10.5.0)
  - FirebaseABTesting (10.21.0):
    - FirebaseCore (~> 10.0)
  - FirebaseAnalytics (10.5.0):
    - FirebaseAnalytics/AdIdSupport (= 10.5.0)
    - FirebaseCore (~> 10.0)
    - FirebaseInstallations (~> 10.0)
    - GoogleUtilities/AppDelegateSwizzler (~> 7.8)
    - GoogleUtilities/MethodSwizzler (~> 7.8)
    - GoogleUtilities/Network (~> 7.8)
    - "GoogleUtilities/NSData+zlib (~> 7.8)"
    - nanopb (< 2.30910.0, >= 2.30908.0)
  - FirebaseAnalytics/AdIdSupport (10.5.0):
    - FirebaseCore (~> 10.0)
    - FirebaseInstallations (~> 10.0)
    - GoogleAppMeasurement (= 10.5.0)
    - GoogleUtilities/AppDelegateSwizzler (~> 7.8)
    - GoogleUtilities/MethodSwizzler (~> 7.8)
    - GoogleUtilities/Network (~> 7.8)
    - "GoogleUtilities/NSData+zlib (~> 7.8)"
    - nanopb (< 2.30910.0, >= 2.30908.0)
  - FirebaseCore (10.5.0):
    - FirebaseCoreInternal (~> 10.0)
    - GoogleUtilities/Environment (~> 7.8)
    - GoogleUtilities/Logger (~> 7.8)
  - FirebaseCoreInternal (10.21.0):
    - "GoogleUtilities/NSData+zlib (~> 7.8)"
  - FirebaseInstallations (10.21.0):
    - FirebaseCore (~> 10.0)
    - GoogleUtilities/Environment (~> 7.8)
    - GoogleUtilities/UserDefaults (~> 7.8)
    - PromisesObjC (~> 2.1)
  - FirebasePerformance (10.5.0):
    - FirebaseCore (~> 10.0)
    - FirebaseInstallations (~> 10.0)
    - FirebaseRemoteConfig (~> 10.0)
    - GoogleDataTransport (~> 9.2)
    - GoogleUtilities/Environment (~> 7.8)
    - GoogleUtilities/ISASwizzler (~> 7.8)
    - GoogleUtilities/MethodSwizzler (~> 7.8)
    - nanopb (< 2.30910.0, >= 2.30908.0)
  - FirebaseRemoteConfig (10.5.0):
    - FirebaseABTesting (~> 10.0)
    - FirebaseCore (~> 10.0)
    - FirebaseInstallations (~> 10.0)
    - GoogleUtilities/Environment (~> 7.8)
    - "GoogleUtilities/NSData+zlib (~> 7.8)"
  - Flipper (0.125.0):
    - Flipper-Folly (~> 2.6)
    - Flipper-RSocket (~> 1.4)
  - Flipper-Boost-iOSX (1.76.0.1.11)
  - Flipper-DoubleConversion (3.2.0.1)
  - Flipper-Fmt (7.1.7)
  - Flipper-Folly (2.6.10):
    - Flipper-Boost-iOSX
    - Flipper-DoubleConversion
    - Flipper-Fmt (= 7.1.7)
    - Flipper-Glog
    - libevent (~> 2.1.12)
    - OpenSSL-Universal (= 1.1.1100)
  - Flipper-Glog (0.5.0.5)
  - Flipper-PeerTalk (0.0.4)
  - Flipper-RSocket (1.4.3):
    - Flipper-Folly (~> 2.6)
  - FlipperKit (0.125.0):
    - FlipperKit/Core (= 0.125.0)
  - FlipperKit/Core (0.125.0):
    - Flipper (~> 0.125.0)
    - FlipperKit/CppBridge
    - FlipperKit/FBCxxFollyDynamicConvert
    - FlipperKit/FBDefines
    - FlipperKit/FKPortForwarding
    - SocketRocket (~> 0.6.0)
  - FlipperKit/CppBridge (0.125.0):
    - Flipper (~> 0.125.0)
  - FlipperKit/FBCxxFollyDynamicConvert (0.125.0):
    - Flipper-Folly (~> 2.6)
  - FlipperKit/FBDefines (0.125.0)
  - FlipperKit/FKPortForwarding (0.125.0):
    - CocoaAsyncSocket (~> 7.6)
    - Flipper-PeerTalk (~> 0.0.4)
  - FlipperKit/FlipperKitHighlightOverlay (0.125.0)
  - FlipperKit/FlipperKitLayoutHelpers (0.125.0):
    - FlipperKit/Core
    - FlipperKit/FlipperKitHighlightOverlay
    - FlipperKit/FlipperKitLayoutTextSearchable
  - FlipperKit/FlipperKitLayoutIOSDescriptors (0.125.0):
    - FlipperKit/Core
    - FlipperKit/FlipperKitHighlightOverlay
    - FlipperKit/FlipperKitLayoutHelpers
    - YogaKit (~> 1.18)
  - FlipperKit/FlipperKitLayoutPlugin (0.125.0):
    - FlipperKit/Core
    - FlipperKit/FlipperKitHighlightOverlay
    - FlipperKit/FlipperKitLayoutHelpers
    - FlipperKit/FlipperKitLayoutIOSDescriptors
    - FlipperKit/FlipperKitLayoutTextSearchable
    - YogaKit (~> 1.18)
  - FlipperKit/FlipperKitLayoutTextSearchable (0.125.0)
  - FlipperKit/FlipperKitNetworkPlugin (0.125.0):
    - FlipperKit/Core
  - FlipperKit/FlipperKitReactPlugin (0.125.0):
    - FlipperKit/Core
  - FlipperKit/FlipperKitUserDefaultsPlugin (0.125.0):
    - FlipperKit/Core
  - FlipperKit/SKIOSNetworkPlugin (0.125.0):
    - FlipperKit/Core
    - FlipperKit/FlipperKitNetworkPlugin
  - fmt (6.2.1)
  - glog (0.3.5)
  - Google-Maps-iOS-Utils (4.1.0):
    - Google-Maps-iOS-Utils/Clustering (= 4.1.0)
    - Google-Maps-iOS-Utils/Geometry (= 4.1.0)
    - Google-Maps-iOS-Utils/GeometryUtils (= 4.1.0)
    - Google-Maps-iOS-Utils/Heatmap (= 4.1.0)
    - Google-Maps-iOS-Utils/QuadTree (= 4.1.0)
    - GoogleMaps
  - Google-Maps-iOS-Utils/Clustering (4.1.0):
    - Google-Maps-iOS-Utils/QuadTree
    - GoogleMaps
  - Google-Maps-iOS-Utils/Geometry (4.1.0):
    - GoogleMaps
  - Google-Maps-iOS-Utils/GeometryUtils (4.1.0):
    - GoogleMaps
  - Google-Maps-iOS-Utils/Heatmap (4.1.0):
    - Google-Maps-iOS-Utils/QuadTree
    - GoogleMaps
  - Google-Maps-iOS-Utils/QuadTree (4.1.0):
    - GoogleMaps
  - GoogleAppMeasurement (10.5.0):
    - GoogleAppMeasurement/AdIdSupport (= 10.5.0)
    - GoogleUtilities/AppDelegateSwizzler (~> 7.8)
    - GoogleUtilities/MethodSwizzler (~> 7.8)
    - GoogleUtilities/Network (~> 7.8)
    - "GoogleUtilities/NSData+zlib (~> 7.8)"
    - nanopb (< 2.30910.0, >= 2.30908.0)
  - GoogleAppMeasurement/AdIdSupport (10.5.0):
    - GoogleAppMeasurement/WithoutAdIdSupport (= 10.5.0)
    - GoogleUtilities/AppDelegateSwizzler (~> 7.8)
    - GoogleUtilities/MethodSwizzler (~> 7.8)
    - GoogleUtilities/Network (~> 7.8)
    - "GoogleUtilities/NSData+zlib (~> 7.8)"
    - nanopb (< 2.30910.0, >= 2.30908.0)
  - GoogleAppMeasurement/WithoutAdIdSupport (10.5.0):
    - GoogleUtilities/AppDelegateSwizzler (~> 7.8)
    - GoogleUtilities/MethodSwizzler (~> 7.8)
    - GoogleUtilities/Network (~> 7.8)
    - "GoogleUtilities/NSData+zlib (~> 7.8)"
    - nanopb (< 2.30910.0, >= 2.30908.0)
  - GoogleDataTransport (9.3.0):
    - GoogleUtilities/Environment (~> 7.7)
    - nanopb (< 2.30910.0, >= 2.30908.0)
    - PromisesObjC (< 3.0, >= 1.2)
  - GoogleMaps (6.1.0):
    - GoogleMaps/Maps (= 6.1.0)
  - GoogleMaps/Base (6.1.0)
  - GoogleMaps/Maps (6.1.0):
    - GoogleMaps/Base
  - GooglePlaces (6.1.0)
  - GoogleUtilities (7.12.0):
    - GoogleUtilities/AppDelegateSwizzler (= 7.12.0)
    - GoogleUtilities/Environment (= 7.12.0)
    - GoogleUtilities/ISASwizzler (= 7.12.0)
    - GoogleUtilities/Logger (= 7.12.0)
    - GoogleUtilities/MethodSwizzler (= 7.12.0)
    - GoogleUtilities/Network (= 7.12.0)
    - "GoogleUtilities/NSData+zlib (= 7.12.0)"
    - GoogleUtilities/Reachability (= 7.12.0)
    - GoogleUtilities/SwizzlerTestHelpers (= 7.12.0)
    - GoogleUtilities/UserDefaults (= 7.12.0)
  - GoogleUtilities/AppDelegateSwizzler (7.12.0):
    - GoogleUtilities/Environment
    - GoogleUtilities/Logger
    - GoogleUtilities/Network
  - GoogleUtilities/Environment (7.12.0):
    - PromisesObjC (< 3.0, >= 1.2)
  - GoogleUtilities/ISASwizzler (7.12.0)
  - GoogleUtilities/Logger (7.12.0):
    - GoogleUtilities/Environment
  - GoogleUtilities/MethodSwizzler (7.12.0):
    - GoogleUtilities/Logger
  - GoogleUtilities/Network (7.12.0):
    - GoogleUtilities/Logger
    - "GoogleUtilities/NSData+zlib"
    - GoogleUtilities/Reachability
  - "GoogleUtilities/NSData+zlib (7.12.0)"
  - GoogleUtilities/Reachability (7.12.0):
    - GoogleUtilities/Logger
  - GoogleUtilities/SwizzlerTestHelpers (7.12.0):
    - GoogleUtilities/MethodSwizzler
  - GoogleUtilities/UserDefaults (7.12.0):
    - GoogleUtilities/Logger
  - hermes-engine (0.70.5)
  - IQKeyboardManagerSwift (7.0.1)
  - jail-monkey (2.8.0):
    - React-Core
  - JWT (3.0.0-beta.14):
    - Base64 (~> 1.1.2)
  - KeychainSwift (18.0.0)
  - libevent (2.1.12)
  - MSAL (1.3.0):
    - MSAL/app-lib (= 1.3.0)
  - MSAL/app-lib (1.3.0)
  - nanopb (2.30909.1):
    - nanopb/decode (= 2.30909.1)
    - nanopb/encode (= 2.30909.1)
  - nanopb/decode (2.30909.1)
  - nanopb/encode (2.30909.1)
  - OpenSSL-Universal (1.1.1100)
  - Permission-Camera (3.7.2):
    - RNPermissions
  - Permission-LocationAlways (3.7.2):
    - RNPermissions
  - Permission-LocationWhenInUse (3.7.2):
    - RNPermissions
  - PromisesObjC (2.4.0)
  - PushyRN (1.0.31):
    - React (< 1.0.0, >= 0.13.0)
  - RCT-Folly (2021.07.22.00):
    - boost
    - DoubleConversion
    - fmt (~> 6.2.1)
    - glog
    - RCT-Folly/Default (= 2021.07.22.00)
  - RCT-Folly/Default (2021.07.22.00):
    - boost
    - DoubleConversion
    - fmt (~> 6.2.1)
    - glog
  - RCT-Folly/Futures (2021.07.22.00):
    - boost
    - DoubleConversion
    - fmt (~> 6.2.1)
    - glog
    - libevent
  - RCTRequired (0.70.5)
  - RCTTypeSafety (0.70.5):
    - FBLazyVector (= 0.70.5)
    - RCTRequired (= 0.70.5)
    - React-Core (= 0.70.5)
  - React (0.70.5):
    - React-Core (= 0.70.5)
    - React-Core/DevSupport (= 0.70.5)
    - React-Core/RCTWebSocket (= 0.70.5)
    - React-RCTActionSheet (= 0.70.5)
    - React-RCTAnimation (= 0.70.5)
    - React-RCTBlob (= 0.70.5)
    - React-RCTImage (= 0.70.5)
    - React-RCTLinking (= 0.70.5)
    - React-RCTNetwork (= 0.70.5)
    - React-RCTSettings (= 0.70.5)
    - React-RCTText (= 0.70.5)
    - React-RCTVibration (= 0.70.5)
  - React-bridging (0.70.5):
    - RCT-Folly (= 2021.07.22.00)
    - React-jsi (= 0.70.5)
  - React-callinvoker (0.70.5)
  - React-Codegen (0.70.5):
    - FBReactNativeSpec (= 0.70.5)
    - RCT-Folly (= 2021.07.22.00)
    - RCTRequired (= 0.70.5)
    - RCTTypeSafety (= 0.70.5)
    - React-Core (= 0.70.5)
    - React-jsi (= 0.70.5)
    - React-jsiexecutor (= 0.70.5)
    - ReactCommon/turbomodule/core (= 0.70.5)
  - React-Core (0.70.5):
    - glog
    - RCT-Folly (= 2021.07.22.00)
    - React-Core/Default (= 0.70.5)
    - React-cxxreact (= 0.70.5)
    - React-jsi (= 0.70.5)
    - React-jsiexecutor (= 0.70.5)
    - React-perflogger (= 0.70.5)
    - Yoga
  - React-Core/CoreModulesHeaders (0.70.5):
    - glog
    - RCT-Folly (= 2021.07.22.00)
    - React-Core/Default
    - React-cxxreact (= 0.70.5)
    - React-jsi (= 0.70.5)
    - React-jsiexecutor (= 0.70.5)
    - React-perflogger (= 0.70.5)
    - Yoga
  - React-Core/Default (0.70.5):
    - glog
    - RCT-Folly (= 2021.07.22.00)
    - React-cxxreact (= 0.70.5)
    - React-jsi (= 0.70.5)
    - React-jsiexecutor (= 0.70.5)
    - React-perflogger (= 0.70.5)
    - Yoga
  - React-Core/DevSupport (0.70.5):
    - glog
    - RCT-Folly (= 2021.07.22.00)
    - React-Core/Default (= 0.70.5)
    - React-Core/RCTWebSocket (= 0.70.5)
    - React-cxxreact (= 0.70.5)
    - React-jsi (= 0.70.5)
    - React-jsiexecutor (= 0.70.5)
    - React-jsinspector (= 0.70.5)
    - React-perflogger (= 0.70.5)
    - Yoga
  - React-Core/RCTActionSheetHeaders (0.70.5):
    - glog
    - RCT-Folly (= 2021.07.22.00)
    - React-Core/Default
    - React-cxxreact (= 0.70.5)
    - React-jsi (= 0.70.5)
    - React-jsiexecutor (= 0.70.5)
    - React-perflogger (= 0.70.5)
    - Yoga
  - React-Core/RCTAnimationHeaders (0.70.5):
    - glog
    - RCT-Folly (= 2021.07.22.00)
    - React-Core/Default
    - React-cxxreact (= 0.70.5)
    - React-jsi (= 0.70.5)
    - React-jsiexecutor (= 0.70.5)
    - React-perflogger (= 0.70.5)
    - Yoga
  - React-Core/RCTBlobHeaders (0.70.5):
    - glog
    - RCT-Folly (= 2021.07.22.00)
    - React-Core/Default
    - React-cxxreact (= 0.70.5)
    - React-jsi (= 0.70.5)
    - React-jsiexecutor (= 0.70.5)
    - React-perflogger (= 0.70.5)
    - Yoga
  - React-Core/RCTImageHeaders (0.70.5):
    - glog
    - RCT-Folly (= 2021.07.22.00)
    - React-Core/Default
    - React-cxxreact (= 0.70.5)
    - React-jsi (= 0.70.5)
    - React-jsiexecutor (= 0.70.5)
    - React-perflogger (= 0.70.5)
    - Yoga
  - React-Core/RCTLinkingHeaders (0.70.5):
    - glog
    - RCT-Folly (= 2021.07.22.00)
    - React-Core/Default
    - React-cxxreact (= 0.70.5)
    - React-jsi (= 0.70.5)
    - React-jsiexecutor (= 0.70.5)
    - React-perflogger (= 0.70.5)
    - Yoga
  - React-Core/RCTNetworkHeaders (0.70.5):
    - glog
    - RCT-Folly (= 2021.07.22.00)
    - React-Core/Default
    - React-cxxreact (= 0.70.5)
    - React-jsi (= 0.70.5)
    - React-jsiexecutor (= 0.70.5)
    - React-perflogger (= 0.70.5)
    - Yoga
  - React-Core/RCTSettingsHeaders (0.70.5):
    - glog
    - RCT-Folly (= 2021.07.22.00)
    - React-Core/Default
    - React-cxxreact (= 0.70.5)
    - React-jsi (= 0.70.5)
    - React-jsiexecutor (= 0.70.5)
    - React-perflogger (= 0.70.5)
    - Yoga
  - React-Core/RCTTextHeaders (0.70.5):
    - glog
    - RCT-Folly (= 2021.07.22.00)
    - React-Core/Default
    - React-cxxreact (= 0.70.5)
    - React-jsi (= 0.70.5)
    - React-jsiexecutor (= 0.70.5)
    - React-perflogger (= 0.70.5)
    - Yoga
  - React-Core/RCTVibrationHeaders (0.70.5):
    - glog
    - RCT-Folly (= 2021.07.22.00)
    - React-Core/Default
    - React-cxxreact (= 0.70.5)
    - React-jsi (= 0.70.5)
    - React-jsiexecutor (= 0.70.5)
    - React-perflogger (= 0.70.5)
    - Yoga
  - React-Core/RCTWebSocket (0.70.5):
    - glog
    - RCT-Folly (= 2021.07.22.00)
    - React-Core/Default (= 0.70.5)
    - React-cxxreact (= 0.70.5)
    - React-jsi (= 0.70.5)
    - React-jsiexecutor (= 0.70.5)
    - React-perflogger (= 0.70.5)
    - Yoga
  - React-CoreModules (0.70.5):
    - RCT-Folly (= 2021.07.22.00)
    - RCTTypeSafety (= 0.70.5)
    - React-Codegen (= 0.70.5)
    - React-Core/CoreModulesHeaders (= 0.70.5)
    - React-jsi (= 0.70.5)
    - React-RCTImage (= 0.70.5)
    - ReactCommon/turbomodule/core (= 0.70.5)
  - React-cxxreact (0.70.5):
    - boost (= 1.76.0)
    - DoubleConversion
    - glog
    - RCT-Folly (= 2021.07.22.00)
    - React-callinvoker (= 0.70.5)
    - React-jsi (= 0.70.5)
    - React-jsinspector (= 0.70.5)
    - React-logger (= 0.70.5)
    - React-perflogger (= 0.70.5)
    - React-runtimeexecutor (= 0.70.5)
  - React-hermes (0.70.5):
    - DoubleConversion
    - glog
    - hermes-engine
    - RCT-Folly (= 2021.07.22.00)
    - RCT-Folly/Futures (= 2021.07.22.00)
    - React-cxxreact (= 0.70.5)
    - React-jsi (= 0.70.5)
    - React-jsiexecutor (= 0.70.5)
    - React-jsinspector (= 0.70.5)
    - React-perflogger (= 0.70.5)
  - React-jsi (0.70.5):
    - boost (= 1.76.0)
    - DoubleConversion
    - glog
    - RCT-Folly (= 2021.07.22.00)
    - React-jsi/Default (= 0.70.5)
  - React-jsi/Default (0.70.5):
    - boost (= 1.76.0)
    - DoubleConversion
    - glog
    - RCT-Folly (= 2021.07.22.00)
  - React-jsiexecutor (0.70.5):
    - DoubleConversion
    - glog
    - RCT-Folly (= 2021.07.22.00)
    - React-cxxreact (= 0.70.5)
    - React-jsi (= 0.70.5)
    - React-perflogger (= 0.70.5)
  - React-jsinspector (0.70.5)
  - React-logger (0.70.5):
    - glog
  - react-native-camera (4.2.1):
    - React-Core
    - react-native-camera/RCT (= 4.2.1)
    - react-native-camera/RN (= 4.2.1)
  - react-native-camera/RCT (4.2.1):
    - React-Core
  - react-native-camera/RN (4.2.1):
    - React-Core
  - react-native-cookies (6.2.1):
    - React-Core
  - react-native-document-picker (9.1.0):
    - React-Core
  - react-native-geolocation (3.0.5):
    - React-Core
  - react-native-google-places (1.3.0):
    - GoogleMaps (~> 6.1.0)
    - GooglePlaces (~> 6.1.0)
    - React
  - react-native-immediate-phone-call (2.0.0):
    - React
  - react-native-keep-awake (4.0.0):
    - React
  - react-native-maps (1.4.0):
    - React-Core
  - react-native-msal (4.0.4):
    - MSAL
    - React-Core
  - react-native-netinfo (9.4.1):
    - React-Core
  - react-native-pager-view (6.1.4):
    - React-Core
  - react-native-render-html (6.3.4):
    - React-Core
  - react-native-safari-view (1.0.0):
    - React
  - react-native-safe-area-context (4.4.1):
    - RCT-Folly
    - RCTRequired
    - RCTTypeSafety
    - React-Core
    - ReactCommon/turbomodule/core
  - react-native-shimmer (0.6.0):
    - React (>= 0.45.1)
    - Shimmer (~> 1)
  - react-native-simple-toast (1.1.4):
    - React-Core
    - Toast (~> 4.0.0)
  - react-native-splash-screen (3.3.0):
    - React-Core
  - react-native-version-number (0.3.6):
    - React
  - react-native-webview (11.26.1):
    - React-Core
  - React-perflogger (0.70.5)
  - React-RCTActionSheet (0.70.5):
    - React-Core/RCTActionSheetHeaders (= 0.70.5)
  - React-RCTAnimation (0.70.5):
    - RCT-Folly (= 2021.07.22.00)
    - RCTTypeSafety (= 0.70.5)
    - React-Codegen (= 0.70.5)
    - React-Core/RCTAnimationHeaders (= 0.70.5)
    - React-jsi (= 0.70.5)
    - ReactCommon/turbomodule/core (= 0.70.5)
  - React-RCTBlob (0.70.5):
    - RCT-Folly (= 2021.07.22.00)
    - React-Codegen (= 0.70.5)
    - React-Core/RCTBlobHeaders (= 0.70.5)
    - React-Core/RCTWebSocket (= 0.70.5)
    - React-jsi (= 0.70.5)
    - React-RCTNetwork (= 0.70.5)
    - ReactCommon/turbomodule/core (= 0.70.5)
  - React-RCTImage (0.70.5):
    - RCT-Folly (= 2021.07.22.00)
    - RCTTypeSafety (= 0.70.5)
    - React-Codegen (= 0.70.5)
    - React-Core/RCTImageHeaders (= 0.70.5)
    - React-jsi (= 0.70.5)
    - React-RCTNetwork (= 0.70.5)
    - ReactCommon/turbomodule/core (= 0.70.5)
  - React-RCTLinking (0.70.5):
    - React-Codegen (= 0.70.5)
    - React-Core/RCTLinkingHeaders (= 0.70.5)
    - React-jsi (= 0.70.5)
    - ReactCommon/turbomodule/core (= 0.70.5)
  - React-RCTNetwork (0.70.5):
    - RCT-Folly (= 2021.07.22.00)
    - RCTTypeSafety (= 0.70.5)
    - React-Codegen (= 0.70.5)
    - React-Core/RCTNetworkHeaders (= 0.70.5)
    - React-jsi (= 0.70.5)
    - ReactCommon/turbomodule/core (= 0.70.5)
  - React-RCTSettings (0.70.5):
    - RCT-Folly (= 2021.07.22.00)
    - RCTTypeSafety (= 0.70.5)
    - React-Codegen (= 0.70.5)
    - React-Core/RCTSettingsHeaders (= 0.70.5)
    - React-jsi (= 0.70.5)
    - ReactCommon/turbomodule/core (= 0.70.5)
  - React-RCTText (0.70.5):
    - React-Core/RCTTextHeaders (= 0.70.5)
  - React-RCTVibration (0.70.5):
    - RCT-Folly (= 2021.07.22.00)
    - React-Codegen (= 0.70.5)
    - React-Core/RCTVibrationHeaders (= 0.70.5)
    - React-jsi (= 0.70.5)
    - ReactCommon/turbomodule/core (= 0.70.5)
  - React-runtimeexecutor (0.70.5):
    - React-jsi (= 0.70.5)
  - ReactCommon/turbomodule/core (0.70.5):
    - DoubleConversion
    - glog
    - RCT-Folly (= 2021.07.22.00)
    - React-bridging (= 0.70.5)
    - React-callinvoker (= 0.70.5)
    - React-Core (= 0.70.5)
    - React-cxxreact (= 0.70.5)
    - React-jsi (= 0.70.5)
    - React-logger (= 0.70.5)
    - React-perflogger (= 0.70.5)
  - RNCAsyncStorage (1.17.11):
    - React-Core
  - RNCClipboard (1.5.1):
    - React-Core
  - RNCPushNotificationIOS (1.11.0):
    - React-Core
  - RNDateTimePicker (6.7.5):
    - React-Core
  - RNDeviceInfo (10.4.0):
    - React-Core
  - RNExitApp (1.1.0):
    - React
  - RNFBApp (17.3.1):
    - Firebase/CoreOnly (= 10.5.0)
    - React-Core
  - RNFBPerf (17.3.1):
    - Firebase/Performance (= 10.5.0)
    - React-Core
    - RNFBApp
  - RNFBRemoteConfig (17.3.1):
    - Firebase/RemoteConfig (= 10.5.0)
    - React-Core
    - RNFBApp
  - RNFS (2.20.0):
    - React-Core
  - RNGestureHandler (2.9.0):
    - React-Core
  - RNKeychain (8.1.1):
    - React-Core
  - RNPermissions (3.7.2):
    - React-Core
  - RNReanimated (3.3.0):
    - DoubleConversion
    - FBLazyVector
    - FBReactNativeSpec
    - glog
    - hermes-engine
    - RCT-Folly
    - RCTRequired
    - RCTTypeSafety
    - React-callinvoker
    - React-Core
    - React-Core/DevSupport
    - React-Core/RCTWebSocket
    - React-CoreModules
    - React-cxxreact
    - React-hermes
    - React-jsi
    - React-jsiexecutor
    - React-jsinspector
    - React-RCTActionSheet
    - React-RCTAnimation
    - React-RCTBlob
    - React-RCTImage
    - React-RCTLinking
    - React-RCTNetwork
    - React-RCTSettings
    - React-RCTText
    - ReactCommon/turbomodule/core
    - Yoga
  - RNScreens (3.20.0):
    - React-Core
    - React-RCTImage
  - RNStoreReview (0.3.0):
    - React-Core
  - RNSVG (13.8.0):
    - React-Core
  - RNVectorIcons (9.2.0):
    - React-Core
  - Shimmer (1.0.2)
  - SocketRocket (0.6.1)
  - SSZipArchive (2.2.3)
  - SwiftyJSON (4.0.0)
  - Toast (4.0.0)
  - Toast-Swift (5.0.1)
  - TouchID (4.4.1):
    - React
  - Yoga (1.14.0)
  - YogaKit (1.18.1):
    - Yoga (~> 1.14)

DEPENDENCIES:
  - Alamofire-SwiftyJSON
  - boost (from `../node_modules/react-native/third-party-podspecs/boost.podspec`)
  - BVLinearGradient (from `../node_modules/react-native-linear-gradient`)
  - CodePush (from `../node_modules/react-native-code-push`)
  - Cosmos (~> 21.0)
  - DoubleConversion (from `../node_modules/react-native/third-party-podspecs/DoubleConversion.podspec`)
  - EVReflection
  - FBLazyVector (from `../node_modules/react-native/Libraries/FBLazyVector`)
  - FBReactNativeSpec (from `../node_modules/react-native/React/FBReactNativeSpec`)
  - Firebase
  - FirebaseCore
  - FirebaseCoreInternal
  - Flipper (= 0.125.0)
  - Flipper-Boost-iOSX (= 1.76.0.1.11)
  - Flipper-DoubleConversion (= 3.2.0.1)
  - Flipper-Fmt (= 7.1.7)
  - Flipper-Folly (= 2.6.10)
  - Flipper-Glog (= 0.5.0.5)
  - Flipper-PeerTalk (= 0.0.4)
  - Flipper-RSocket (= 1.4.3)
  - FlipperKit (= 0.125.0)
  - FlipperKit/Core (= 0.125.0)
  - FlipperKit/CppBridge (= 0.125.0)
  - FlipperKit/FBCxxFollyDynamicConvert (= 0.125.0)
  - FlipperKit/FBDefines (= 0.125.0)
  - FlipperKit/FKPortForwarding (= 0.125.0)
  - FlipperKit/FlipperKitHighlightOverlay (= 0.125.0)
  - FlipperKit/FlipperKitLayoutPlugin (= 0.125.0)
  - FlipperKit/FlipperKitLayoutTextSearchable (= 0.125.0)
  - FlipperKit/FlipperKitNetworkPlugin (= 0.125.0)
  - FlipperKit/FlipperKitReactPlugin (= 0.125.0)
  - FlipperKit/FlipperKitUserDefaultsPlugin (= 0.125.0)
  - FlipperKit/SKIOSNetworkPlugin (= 0.125.0)
  - glog (from `../node_modules/react-native/third-party-podspecs/glog.podspec`)
  - Google-Maps-iOS-Utils
  - GoogleMaps (= 6.1.0)
  - GooglePlaces (= 6.1.0)
  - GoogleUtilities
  - hermes-engine (from `../node_modules/react-native/sdks/hermes/hermes-engine.podspec`)
  - IQKeyboardManagerSwift
  - jail-monkey (from `../node_modules/jail-monkey`)
  - KeychainSwift (~> 18.0)
  - libevent (~> 2.1.12)
  - OpenSSL-Universal (= 1.1.1100)
  - Permission-Camera (from `../node_modules/react-native-permissions/ios/Camera/Permission-Camera.podspec`)
  - Permission-LocationAlways (from `../node_modules/react-native-permissions/ios/LocationAlways/Permission-LocationAlways.podspec`)
  - Permission-LocationWhenInUse (from `../node_modules/react-native-permissions/ios/LocationWhenInUse/Permission-LocationWhenInUse.podspec`)
  - PushyRN (from `../node_modules/pushy-react-native`)
  - RCT-Folly (from `../node_modules/react-native/third-party-podspecs/RCT-Folly.podspec`)
  - RCTRequired (from `../node_modules/react-native/Libraries/RCTRequired`)
  - RCTTypeSafety (from `../node_modules/react-native/Libraries/TypeSafety`)
  - React (from `../node_modules/react-native/`)
  - React-bridging (from `../node_modules/react-native/ReactCommon`)
  - React-callinvoker (from `../node_modules/react-native/ReactCommon/callinvoker`)
  - React-Codegen (from `build/generated/ios`)
  - React-Core (from `../node_modules/react-native/`)
  - React-Core/DevSupport (from `../node_modules/react-native/`)
  - React-Core/RCTWebSocket (from `../node_modules/react-native/`)
  - React-CoreModules (from `../node_modules/react-native/React/CoreModules`)
  - React-cxxreact (from `../node_modules/react-native/ReactCommon/cxxreact`)
  - React-hermes (from `../node_modules/react-native/ReactCommon/hermes`)
  - React-jsi (from `../node_modules/react-native/ReactCommon/jsi`)
  - React-jsiexecutor (from `../node_modules/react-native/ReactCommon/jsiexecutor`)
  - React-jsinspector (from `../node_modules/react-native/ReactCommon/jsinspector`)
  - React-logger (from `../node_modules/react-native/ReactCommon/logger`)
  - react-native-camera (from `../node_modules/react-native-camera`)
  - "react-native-cookies (from `../node_modules/@react-native-cookies/cookies`)"
  - react-native-document-picker (from `../node_modules/react-native-document-picker`)
  - "react-native-geolocation (from `../node_modules/@react-native-community/geolocation`)"
  - react-native-google-places (from `../node_modules/react-native-google-places-native`)
  - react-native-immediate-phone-call (from `../node_modules/react-native-immediate-phone-call`)
  - react-native-keep-awake (from `../node_modules/react-native-keep-awake`)
  - react-native-maps (from `../node_modules/react-native-maps`)
  - react-native-msal (from `../node_modules/react-native-msal`)
  - "react-native-netinfo (from `../node_modules/@react-native-community/netinfo`)"
  - react-native-pager-view (from `../node_modules/react-native-pager-view`)
  - react-native-render-html (from `../node_modules/react-native-render-html`)
  - react-native-safari-view (from `../node_modules/react-native-safari-view`)
  - react-native-safe-area-context (from `../node_modules/react-native-safe-area-context`)
  - react-native-shimmer (from `../node_modules/react-native-shimmer`)
  - react-native-simple-toast (from `../node_modules/react-native-simple-toast`)
  - react-native-splash-screen (from `../node_modules/react-native-splash-screen`)
  - react-native-version-number (from `../node_modules/react-native-version-number`)
  - react-native-webview (from `../node_modules/react-native-webview`)
  - React-perflogger (from `../node_modules/react-native/ReactCommon/reactperflogger`)
  - React-RCTActionSheet (from `../node_modules/react-native/Libraries/ActionSheetIOS`)
  - React-RCTAnimation (from `../node_modules/react-native/Libraries/NativeAnimation`)
  - React-RCTBlob (from `../node_modules/react-native/Libraries/Blob`)
  - React-RCTImage (from `../node_modules/react-native/Libraries/Image`)
  - React-RCTLinking (from `../node_modules/react-native/Libraries/LinkingIOS`)
  - React-RCTNetwork (from `../node_modules/react-native/Libraries/Network`)
  - React-RCTSettings (from `../node_modules/react-native/Libraries/Settings`)
  - React-RCTText (from `../node_modules/react-native/Libraries/Text`)
  - React-RCTVibration (from `../node_modules/react-native/Libraries/Vibration`)
  - React-runtimeexecutor (from `../node_modules/react-native/ReactCommon/runtimeexecutor`)
  - ReactCommon/turbomodule/core (from `../node_modules/react-native/ReactCommon`)
  - "RNCAsyncStorage (from `../node_modules/@react-native-async-storage/async-storage`)"
  - "RNCClipboard (from `../node_modules/@react-native-community/clipboard`)"
  - "RNCPushNotificationIOS (from `../node_modules/@react-native-community/push-notification-ios`)"
  - "RNDateTimePicker (from `../node_modules/@react-native-community/datetimepicker`)"
  - RNDeviceInfo (from `../node_modules/react-native-device-info`)
  - RNExitApp (from `../node_modules/react-native-exit-app`)
  - "RNFBApp (from `../node_modules/@react-native-firebase/app`)"
  - "RNFBPerf (from `../node_modules/@react-native-firebase/perf`)"
  - "RNFBRemoteConfig (from `../node_modules/@react-native-firebase/remote-config`)"
  - RNFS (from `../node_modules/react-native-fs`)
  - RNGestureHandler (from `../node_modules/react-native-gesture-handler`)
  - RNKeychain (from `../node_modules/react-native-keychain`)
  - RNPermissions (from `../node_modules/react-native-permissions`)
  - RNReanimated (from `../node_modules/react-native-reanimated`)
  - RNScreens (from `../node_modules/react-native-screens`)
  - RNStoreReview (from `../node_modules/react-native-store-review`)
  - RNSVG (from `../node_modules/react-native-svg`)
  - RNVectorIcons (from `../node_modules/react-native-vector-icons`)
  - Toast-Swift (~> 5.0.0)
  - TouchID (from `../node_modules/react-native-touch-id`)
  - Yoga (from `../node_modules/react-native/ReactCommon/yoga`)

SPEC REPOS:
  trunk:
    - Alamofire
    - Alamofire-SwiftyJSON
    - Base64
    - CocoaAsyncSocket
    - Cosmos
    - EVReflection
    - Firebase
    - FirebaseABTesting
    - FirebaseAnalytics
    - FirebaseCore
    - FirebaseCoreInternal
    - FirebaseInstallations
    - FirebasePerformance
    - FirebaseRemoteConfig
    - Flipper
    - Flipper-Boost-iOSX
    - Flipper-DoubleConversion
    - Flipper-Fmt
    - Flipper-Folly
    - Flipper-Glog
    - Flipper-PeerTalk
    - Flipper-RSocket
    - FlipperKit
    - fmt
    - Google-Maps-iOS-Utils
    - GoogleAppMeasurement
    - GoogleDataTransport
    - GoogleMaps
    - GooglePlaces
    - GoogleUtilities
    - IQKeyboardManagerSwift
    - JWT
    - KeychainSwift
    - libevent
    - MSAL
    - nanopb
    - OpenSSL-Universal
    - PromisesObjC
    - Shimmer
    - SocketRocket
    - SSZipArchive
    - SwiftyJSON
    - Toast
    - Toast-Swift
    - YogaKit

EXTERNAL SOURCES:
  boost:
    :podspec: "../node_modules/react-native/third-party-podspecs/boost.podspec"
  BVLinearGradient:
    :path: "../node_modules/react-native-linear-gradient"
  CodePush:
    :path: "../node_modules/react-native-code-push"
  DoubleConversion:
    :podspec: "../node_modules/react-native/third-party-podspecs/DoubleConversion.podspec"
  FBLazyVector:
    :path: "../node_modules/react-native/Libraries/FBLazyVector"
  FBReactNativeSpec:
    :path: "../node_modules/react-native/React/FBReactNativeSpec"
  glog:
    :podspec: "../node_modules/react-native/third-party-podspecs/glog.podspec"
  hermes-engine:
    :podspec: "../node_modules/react-native/sdks/hermes/hermes-engine.podspec"
  jail-monkey:
    :path: "../node_modules/jail-monkey"
  Permission-Camera:
    :path: "../node_modules/react-native-permissions/ios/Camera/Permission-Camera.podspec"
  Permission-LocationAlways:
    :path: "../node_modules/react-native-permissions/ios/LocationAlways/Permission-LocationAlways.podspec"
  Permission-LocationWhenInUse:
    :path: "../node_modules/react-native-permissions/ios/LocationWhenInUse/Permission-LocationWhenInUse.podspec"
  PushyRN:
    :path: "../node_modules/pushy-react-native"
  RCT-Folly:
    :podspec: "../node_modules/react-native/third-party-podspecs/RCT-Folly.podspec"
  RCTRequired:
    :path: "../node_modules/react-native/Libraries/RCTRequired"
  RCTTypeSafety:
    :path: "../node_modules/react-native/Libraries/TypeSafety"
  React:
    :path: "../node_modules/react-native/"
  React-bridging:
    :path: "../node_modules/react-native/ReactCommon"
  React-callinvoker:
    :path: "../node_modules/react-native/ReactCommon/callinvoker"
  React-Codegen:
    :path: build/generated/ios
  React-Core:
    :path: "../node_modules/react-native/"
  React-CoreModules:
    :path: "../node_modules/react-native/React/CoreModules"
  React-cxxreact:
    :path: "../node_modules/react-native/ReactCommon/cxxreact"
  React-hermes:
    :path: "../node_modules/react-native/ReactCommon/hermes"
  React-jsi:
    :path: "../node_modules/react-native/ReactCommon/jsi"
  React-jsiexecutor:
    :path: "../node_modules/react-native/ReactCommon/jsiexecutor"
  React-jsinspector:
    :path: "../node_modules/react-native/ReactCommon/jsinspector"
  React-logger:
    :path: "../node_modules/react-native/ReactCommon/logger"
  react-native-camera:
    :path: "../node_modules/react-native-camera"
  react-native-cookies:
    :path: "../node_modules/@react-native-cookies/cookies"
  react-native-document-picker:
    :path: "../node_modules/react-native-document-picker"
  react-native-geolocation:
    :path: "../node_modules/@react-native-community/geolocation"
  react-native-google-places:
    :path: "../node_modules/react-native-google-places-native"
  react-native-immediate-phone-call:
    :path: "../node_modules/react-native-immediate-phone-call"
  react-native-keep-awake:
    :path: "../node_modules/react-native-keep-awake"
  react-native-maps:
    :path: "../node_modules/react-native-maps"
  react-native-msal:
    :path: "../node_modules/react-native-msal"
  react-native-netinfo:
    :path: "../node_modules/@react-native-community/netinfo"
  react-native-pager-view:
    :path: "../node_modules/react-native-pager-view"
  react-native-render-html:
    :path: "../node_modules/react-native-render-html"
  react-native-safari-view:
    :path: "../node_modules/react-native-safari-view"
  react-native-safe-area-context:
    :path: "../node_modules/react-native-safe-area-context"
  react-native-shimmer:
    :path: "../node_modules/react-native-shimmer"
  react-native-simple-toast:
    :path: "../node_modules/react-native-simple-toast"
  react-native-splash-screen:
    :path: "../node_modules/react-native-splash-screen"
  react-native-version-number:
    :path: "../node_modules/react-native-version-number"
  react-native-webview:
    :path: "../node_modules/react-native-webview"
  React-perflogger:
    :path: "../node_modules/react-native/ReactCommon/reactperflogger"
  React-RCTActionSheet:
    :path: "../node_modules/react-native/Libraries/ActionSheetIOS"
  React-RCTAnimation:
    :path: "../node_modules/react-native/Libraries/NativeAnimation"
  React-RCTBlob:
    :path: "../node_modules/react-native/Libraries/Blob"
  React-RCTImage:
    :path: "../node_modules/react-native/Libraries/Image"
  React-RCTLinking:
    :path: "../node_modules/react-native/Libraries/LinkingIOS"
  React-RCTNetwork:
    :path: "../node_modules/react-native/Libraries/Network"
  React-RCTSettings:
    :path: "../node_modules/react-native/Libraries/Settings"
  React-RCTText:
    :path: "../node_modules/react-native/Libraries/Text"
  React-RCTVibration:
    :path: "../node_modules/react-native/Libraries/Vibration"
  React-runtimeexecutor:
    :path: "../node_modules/react-native/ReactCommon/runtimeexecutor"
  ReactCommon:
    :path: "../node_modules/react-native/ReactCommon"
  RNCAsyncStorage:
    :path: "../node_modules/@react-native-async-storage/async-storage"
  RNCClipboard:
    :path: "../node_modules/@react-native-community/clipboard"
  RNCPushNotificationIOS:
    :path: "../node_modules/@react-native-community/push-notification-ios"
  RNDateTimePicker:
    :path: "../node_modules/@react-native-community/datetimepicker"
  RNDeviceInfo:
    :path: "../node_modules/react-native-device-info"
  RNExitApp:
    :path: "../node_modules/react-native-exit-app"
  RNFBApp:
    :path: "../node_modules/@react-native-firebase/app"
  RNFBPerf:
    :path: "../node_modules/@react-native-firebase/perf"
  RNFBRemoteConfig:
    :path: "../node_modules/@react-native-firebase/remote-config"
  RNFS:
    :path: "../node_modules/react-native-fs"
  RNGestureHandler:
    :path: "../node_modules/react-native-gesture-handler"
  RNKeychain:
    :path: "../node_modules/react-native-keychain"
  RNPermissions:
    :path: "../node_modules/react-native-permissions"
  RNReanimated:
    :path: "../node_modules/react-native-reanimated"
  RNScreens:
    :path: "../node_modules/react-native-screens"
  RNStoreReview:
    :path: "../node_modules/react-native-store-review"
  RNSVG:
    :path: "../node_modules/react-native-svg"
  RNVectorIcons:
    :path: "../node_modules/react-native-vector-icons"
  TouchID:
    :path: "../node_modules/react-native-touch-id"
  Yoga:
    :path: "../node_modules/react-native/ReactCommon/yoga"

SPEC CHECKSUMS:
  Alamofire: 85e8a02c69d6020a0d734f6054870d7ecb75cf18
  Alamofire-SwiftyJSON: 2b3649d57dc7bb2880fb8b86f8bb969397666916
  Base64: cecfb41a004124895a7bcee567a89bae5a89d49b
  boost: a7c83b31436843459a1961bfd74b96033dc77234
  BVLinearGradient: 34a999fda29036898a09c6a6b728b0b4189e1a44
  CocoaAsyncSocket: 065fd1e645c7abab64f7a6a2007a48038fdc6a99
  CodePush: dce1b253fde81078249ea9cd4b948e4ac7b761a9
  Cosmos: 3dfb6e4ba48bd48b8c9aa2a77048ae11ed114f96
  DoubleConversion: 5189b271737e1565bdce30deb4a08d647e3f5f54
  EVReflection: 8124de482178d34ccd56473e16cd95990f9a1113
  FBLazyVector: affa4ba1bfdaac110a789192f4d452b053a86624
  FBReactNativeSpec: fe8b5f1429cfe83a8d72dc8ed61dc7704cac8745
  Firebase: 3d6637234ab163e31852834617b4fe1df3b7af6d
  FirebaseABTesting: 40774deef367dcc7b736b6c26dd59ce0fab42f41
  FirebaseAnalytics: 6f7430030cb6b22fe1db2e3bed782e999b76dc00
  FirebaseCore: 324b8d182d9ff7e3f6d1fa2f04b082d1c7a3e366
  FirebaseCoreInternal: 43c1788eaeee9d1b97caaa751af567ce11010d00
  FirebaseInstallations: 390ea1d10a4d02b20c965cbfd527ee9b3b412acb
  FirebasePerformance: c39f1ff3cf88604feacc661226ce17d1886d2e58
  FirebaseRemoteConfig: acc04f51d74adfd9d5439d32126e01b520983737
  Flipper: 26fc4b7382499f1281eb8cb921e5c3ad6de91fe0
  Flipper-Boost-iOSX: fd1e2b8cbef7e662a122412d7ac5f5bea715403c
  Flipper-DoubleConversion: 2dc99b02f658daf147069aad9dbd29d8feb06d30
  Flipper-Fmt: 60cbdd92fc254826e61d669a5d87ef7015396a9b
  Flipper-Folly: 584845625005ff068a6ebf41f857f468decd26b3
  Flipper-Glog: 70c50ce58ddaf67dc35180db05f191692570f446
  Flipper-PeerTalk: 116d8f857dc6ef55c7a5a75ea3ceaafe878aadc9
  Flipper-RSocket: d9d9ade67cbecf6ac10730304bf5607266dd2541
  FlipperKit: cbdee19bdd4e7f05472a66ce290f1b729ba3cb86
  fmt: ff9d55029c625d3757ed641535fd4a75fedc7ce9
  glog: 04b94705f318337d7ead9e6d17c019bd9b1f6b1b
  Google-Maps-iOS-Utils: 3343332b18dfd5be8f1f44edd7d481ace3da4d9a
  GoogleAppMeasurement: 40c70a7d89013f0eca72006c4b9732163ea4cdae
  GoogleDataTransport: 57c22343ab29bc686febbf7cbb13bad167c2d8fe
  GoogleMaps: cffc5d24ce920063aaeebe6ac4dbaaca1dd7f377
  GooglePlaces: 66f0796e44d3bd83d82b1f19d8fe3cd7062fe930
  GoogleUtilities: 0759d1a57ebb953965c2dfe0ba4c82e95ccc2e34
  hermes-engine: 7fe5fc6ef707b7fdcb161b63898ec500e285653d
  IQKeyboardManagerSwift: 7f6b1b1d1497855d2beea7f2f10ffcc6978525b1
  jail-monkey: a71b35d482a70ecba844a90f002994012cf12a5d
  JWT: ef71dfb03e1f842081e64dc42eef0e164f35d251
  KeychainSwift: c46e1438d121e47459fb304ac88c5e058a2a91ed
  libevent: 4049cae6c81cdb3654a443be001fb9bdceff7913
  MSAL: 0971132a2ae3562b6eb084c5f5aa3acfdcfafd3c
  nanopb: d4d75c12cd1316f4a64e3c6963f879ecd4b5e0d5
  OpenSSL-Universal: ebc357f1e6bc71fa463ccb2fe676756aff50e88c
  Permission-Camera: db22e80aa0858a8b6d65979a97f2f481dd8a0ebd
  Permission-LocationAlways: 4d1851ee9fe9a0407454e2e2207bcaf1b5c47f38
  Permission-LocationWhenInUse: c8e343e44167ba8c87c3e4a3fe7880edcdee6fc9
  PromisesObjC: f5707f49cb48b9636751c5b2e7d227e43fba9f47
  PushyRN: fd84e2cbbac0982a92e2906bcf0b34e654f19755
  RCT-Folly: 0080d0a6ebf2577475bda044aa59e2ca1f909cda
  RCTRequired: 21229f84411088e5d8538f21212de49e46cc83e2
  RCTTypeSafety: 62eed57a32924b09edaaf170a548d1fc96223086
  React: f0254ccddeeef1defe66c6b1bb9133a4f040792b
  React-bridging: e46911666b7ec19538a620a221d6396cd293d687
  React-callinvoker: 66b62e2c34546546b2f21ab0b7670346410a2b53
  React-Codegen: b6999435966df3bdf82afa3f319ba0d6f9a8532a
  React-Core: dabbc9d1fe0a11d884e6ee1599789cf8eb1058a5
  React-CoreModules: 5b6b7668f156f73a56420df9ec68ca2ec8f2e818
  React-cxxreact: c7ca2baee46db22a30fce9e639277add3c3f6ad1
  React-hermes: c93e1d759ad5560dfea54d233013d7d2c725c286
  React-jsi: a565dcb49130ed20877a9bb1105ffeecbb93d02d
  React-jsiexecutor: 31564fa6912459921568e8b0e49024285a4d584b
  React-jsinspector: badd81696361249893a80477983e697aab3c1a34
  React-logger: fdda34dd285bdb0232e059b19d9606fa0ec3bb9c
  react-native-camera: 3eae183c1d111103963f3dd913b65d01aef8110f
  react-native-cookies: f54fcded06bb0cda05c11d86788020b43528a26c
  react-native-document-picker: b4f4a23b73f864ce17965b284c0757648993805b
  react-native-geolocation: 7383cbe9fa75b168bbbe40b566070fd0b44d30d6
  react-native-google-places: 6284def10d0b099b8da29e2d2dc9b08bec064600
  react-native-immediate-phone-call: eb8a86325478db6c066eac6ecf8fa9ba3fbf66c5
  react-native-keep-awake: afad8a51dfef9fe9655a6344771be32c8596d774
  react-native-maps: 7135a33610202745d08fdf151ce6b0d01952a99c
  react-native-msal: 86c1cbbb0fa78b18af95dc54cbc620d3e4ba74e6
  react-native-netinfo: fefd4e98d75cbdd6e85fc530f7111a8afdf2b0c5
  react-native-pager-view: b58cb9e9f42f64e50cab3040815772c1d119a2e2
  react-native-render-html: 984dfe2294163d04bf5fe25d7c9f122e60e05ebe
  react-native-safari-view: 955d7160d159241b8e9395d12d10ea0ef863dcdd
  react-native-safe-area-context: 99b24a0c5acd0d5dcac2b1a7f18c49ea317be99a
  react-native-shimmer: 2fdba9953215a29106febc9d147caa31a0080a8a
  react-native-simple-toast: 8ee5d23f0b92b935ab7434cdb65159ce12dfb4b7
  react-native-splash-screen: 4312f786b13a81b5169ef346d76d33bc0c6dc457
  react-native-version-number: b415bbec6a13f2df62bf978e85bc0d699462f37f
  react-native-webview: 9f111dfbcfc826084d6c507f569e5e03342ee1c1
  React-perflogger: e68d3795cf5d247a0379735cbac7309adf2fb931
  React-RCTActionSheet: 05452c3b281edb27850253db13ecd4c5a65bc247
  React-RCTAnimation: 578eebac706428e68466118e84aeacf3a282b4da
  React-RCTBlob: f47a0aa61e7d1fb1a0e13da832b0da934939d71a
  React-RCTImage: 60f54b66eed65d86b6dffaf4733d09161d44929d
  React-RCTLinking: 91073205aeec4b29450ca79b709277319368ac9e
  React-RCTNetwork: ca91f2c9465a7e335c8a5fae731fd7f10572213b
  React-RCTSettings: 1a9a5d01337d55c18168c1abe0f4a589167d134a
  React-RCTText: c591e8bd9347a294d8416357ca12d779afec01d5
  React-RCTVibration: 8e5c8c5d17af641f306d7380d8d0fe9b3c142c48
  React-runtimeexecutor: 7401c4a40f8728fd89df4a56104541b760876117
  ReactCommon: c9246996e73bf75a2c6c3ff15f1e16707cdc2da9
  RNCAsyncStorage: 8616bd5a58af409453ea4e1b246521bb76578d60
  RNCClipboard: 41d8d918092ae8e676f18adada19104fa3e68495
  RNCPushNotificationIOS: 64218f3c776c03d7408284a819b2abfda1834bc8
  RNDateTimePicker: 65e1d202799460b286ff5e741d8baf54695e8abd
  RNDeviceInfo: 749f2e049dcd79e2e44f134f66b73a06951b5066
  RNExitApp: c4e052df2568b43bec8a37c7cd61194d4cfee2c3
  RNFBApp: 159f756a612af7fbcbe56e1556c5f3acb6efbf9b
  RNFBPerf: 444f92f70a53933a8d73875cac426feee6c4bcb8
  RNFBRemoteConfig: 42060968353d94a06f4a91b7df76df613687b6d3
  RNFS: 4ac0f0ea233904cb798630b3c077808c06931688
  RNGestureHandler: 071d7a9ad81e8b83fe7663b303d132406a7d8f39
  RNKeychain: ff836453cba46938e0e9e4c22e43d43fa2c90333
  RNPermissions: 2fbbcb7244357507f958d626d58eb15fb0013d85
  RNReanimated: 38e8c4a0232f4596ba46b547ae8b9a8192322dea
  RNScreens: 218801c16a2782546d30bd2026bb625c0302d70f
  RNStoreReview: 18cf6adbd193eadb049d2f6c37ef2ab3d5a28706
  RNSVG: c1e76b81c76cdcd34b4e1188852892dc280eb902
  RNVectorIcons: fcc2f6cb32f5735b586e66d14103a74ce6ad61f8
  Shimmer: c5374be1c2b0c9e292fb05b339a513cf291cac86
  SocketRocket: f32cd54efbe0f095c4d7594881e52619cfe80b17
  SSZipArchive: 62d4947b08730e4cda640473b0066d209ff033c9
  SwiftyJSON: 070dabdcb1beb81b247c65ffa3a79dbbfb3b48aa
  Toast: 91b396c56ee72a5790816f40d3a94dd357abc196
  Toast-Swift: 9b6a70f28b3bf0b96c40d46c0c4b9d6639846711
  TouchID: ba4c656d849cceabc2e4eef722dea5e55959ecf4
  Yoga: eca980a5771bf114c41a754098cd85e6e0d90ed7
  YogaKit: f782866e155069a2cca2517aafea43200b01fd5a

PODFILE CHECKSUM: 03ec38ebe8f01b5b6fbd00a715d799cfc9943821

COCOAPODS: 1.15.2
